{
  "name": "prepros-project",
  "version": "1.0.0",
  "lockfileVersion": 1,
  "requires": true,
  "dependencies": {
    "form_to_object": {
      "version": "2.0.0",
      "resolved": "https://registry.npmjs.org/form_to_object/-/form_to_object-2.0.0.tgz",
      "integrity": "sha512-nj+bXqeQOZWPhzAgXWPU2Dm2PVuHcpiA8gpHObWWCP+UZuzG1GC3gcQ0MdSXj2brdNdoQILLqtO4Z8CqzD/M+A=="
    }
  }
}
